
Microsoft Visual Studio Solution File, Format Version 12.00
# Visual Studio Version 16
VisualStudioVersion = 16.0.30104.148
MinimumVisualStudioVersion = 10.0.40219.1
Project("{FAE04EC0-301F-11D3-BF4B-00C04F79EFBC}") = "PryBiblioteca", "PryBiblioteca\PryBiblioteca.csproj", "{43A32548-090A-4B40-967F-F10C019CD413}"
EndProject
Project("{FAE04EC0-301F-11D3-BF4B-00C04F79EFBC}") = "BEUBiblioteca", "BEUBiblioteca\BEUBiblioteca.csproj", "{28254D44-6368-4061-B115-978BF739E82D}"
EndProject
Global
	GlobalSection(SolutionConfigurationPlatforms) = preSolution
		Debug|Any CPU = Debug|Any CPU
		Release|Any CPU = Release|Any CPU
	EndGlobalSection
	GlobalSection(ProjectConfigurationPlatforms) = postSolution
		{43A32548-090A-4B40-967F-F10C019CD413}.Debug|Any CPU.ActiveCfg = Debug|Any CPU
		{43A32548-090A-4B40-967F-F10C019CD413}.Debug|Any CPU.Build.0 = Debug|Any CPU
		{43A32548-090A-4B40-967F-F10C019CD413}.Release|Any CPU.ActiveCfg = Release|Any CPU
		{43A32548-090A-4B40-967F-F10C019CD413}.Release|Any CPU.Build.0 = Release|Any CPU
		{28254D44-6368-4061-B115-978BF739E82D}.Debug|Any CPU.ActiveCfg = Debug|Any CPU
		{28254D44-6368-4061-B115-978BF739E82D}.Debug|Any CPU.Build.0 = Debug|Any CPU
		{28254D44-6368-4061-B115-978BF739E82D}.Release|Any CPU.ActiveCfg = Release|Any CPU
		{28254D44-6368-4061-B115-978BF739E82D}.Release|Any CPU.Build.0 = Release|Any CPU
	EndGlobalSection
	GlobalSection(SolutionProperties) = preSolution
		HideSolutionNode = FALSE
	EndGlobalSection
	GlobalSection(ExtensibilityGlobals) = postSolution
		SolutionGuid = {E5346AB2-4DD2-4547-9AA9-D8225B7D64CA}
	EndGlobalSection
EndGlobal
